
Microsoft Visual Studio Solution File, Format Version 12.00
# Visual Studio Version 16
VisualStudioVersion = 16.0.30717.126
MinimumVisualStudioVersion = 10.0.40219.1
Project("{8BC9CEB8-8B4A-11D0-8D11-00A0C91BC942}") = "arh2-lab4-opencl", "arh2-lab4-opencl.vcxproj", "{D46D191F-72FF-487A-8E6F-ACCE67A43886}"
EndProject
Global
	GlobalSection(SolutionConfigurationPlatforms) = preSolution
		Debug|x64 = Debug|x64
		Debug|x86 = Debug|x86
		Release|x64 = Release|x64
		Release|x86 = Release|x86
	EndGlobalSection
	GlobalSection(ProjectConfigurationPlatforms) = postSolution
		{D46D191F-72FF-487A-8E6F-ACCE67A43886}.Debug|x64.ActiveCfg = Debug|x64
		{D46D191F-72FF-487A-8E6F-ACCE67A43886}.Debug|x64.Build.0 = Debug|x64
		{D46D191F-72FF-487A-8E6F-ACCE67A43886}.Debug|x86.ActiveCfg = Debug|Win32
		{D46D191F-72FF-487A-8E6F-ACCE67A43886}.Debug|x86.Build.0 = Debug|Win32
		{D46D191F-72FF-487A-8E6F-ACCE67A43886}.Release|x64.ActiveCfg = Release|x64
		{D46D191F-72FF-487A-8E6F-ACCE67A43886}.Release|x64.Build.0 = Release|x64
		{D46D191F-72FF-487A-8E6F-ACCE67A43886}.Release|x86.ActiveCfg = Release|Win32
		{D46D191F-72FF-487A-8E6F-ACCE67A43886}.Release|x86.Build.0 = Release|Win32
	EndGlobalSection
	GlobalSection(SolutionProperties) = preSolution
		HideSolutionNode = FALSE
	EndGlobalSection
	GlobalSection(ExtensibilityGlobals) = postSolution
		SolutionGuid = {6E862940-8490-42E9-AEEC-E72AC58199E2}
	EndGlobalSection
EndGlobal
